<?xml version="1.0" encoding="utf-8"?>
<Project ToolsVersion="4.0" xmlns="http://schemas.microsoft.com/developer/msbuild/2003">
  <ItemGroup>
    <Filter Include="Source Files">
      <UniqueIdentifier>{4FC737F1-C7A5-4376-A066-2A32D752A2FF}</UniqueIdentifier>
      <Extensions>cpp;c;cc;cxx;c++;cppm;ixx;def;odl;idl;hpj;bat;asm;asmx</Extensions>
    </Filter>
    <Filter Include="Header Files">
      <UniqueIdentifier>{93995380-89BD-4b04-88EB-625FBE52EBFB}</UniqueIdentifier>
      <Extensions>h;hh;hpp;hxx;h++;hm;inl;inc;ipp;xsd</Extensions>
    </Filter>
    <Filter Include="Resource Files">
      <UniqueIdentifier>{67DA6AB6-F800-4c08-8B7A-83BB121AAD01}</UniqueIdentifier>
      <Extensions>rc;ico;cur;bmp;dlg;rc2;rct;bin;rgs;gif;jpg;jpeg;jpe;resx;tiff;tif;png;wav;mfcribbon-ms</Extensions>
    </Filter>
  </ItemGroup>
  <ItemGroup>
    <ClCompile Include="SmallForth.cpp">
      <Filter>Source Files</Filter>
    </ClCompile>
    <ClCompile Include="InputProcessor.cpp">
      <Filter>Source Files</Filter>
    </ClCompile>
    <ClCompile Include="ForthDict.cpp">
      <Filter>Source Files</Filter>
    </ClCompile>
    <ClCompile Include="ForthWord.cpp">
      <Filter>Source Files</Filter>
    </ClCompile>
    <ClCompile Include="DataStack.cpp">
      <Filter>Source Files</Filter>
    </ClCompile>
    <ClCompile Include="StackElement.cpp">
      <Filter>Source Files</Filter>
    </ClCompile>
    <ClCompile Include="ExecState.cpp">
      <Filter>Source Files</Filter>
    </ClCompile>
    <ClCompile Include="enumPrinters.cpp">
      <Filter>Source Files</Filter>
    </ClCompile>
    <ClCompile Include="ReturnStack.cpp">
      <Filter>Source Files</Filter>
    </ClCompile>
    <ClCompile Include="ForthWordObjectHandling.cpp">
      <Filter>Source Files</Filter>
    </ClCompile>
    <ClCompile Include="RefCountedObject.cpp">
      <Filter>Source Files</Filter>
    </ClCompile>
    <ClCompile Include="ForthString.cpp">
      <Filter>Source Files</Filter>
    </ClCompile>
    <ClCompile Include="ForthWordBuiltInHelpers.cpp">
      <Filter>Source Files</Filter>
    </ClCompile>
    <ClCompile Include="Vector3.cpp">
      <Filter>Source Files</Filter>
    </ClCompile>
    <ClCompile Include="TypeSystem.cpp">
      <Filter>Source Files</Filter>
    </ClCompile>
    <ClCompile Include="UserDefinedObject.cpp">
      <Filter>Source Files</Filter>
    </ClCompile>
    <ClCompile Include="PreBuiltWords.cpp">
      <Filter>Source Files</Filter>
    </ClCompile>
    <ClCompile Include="ForthFile.cpp">
      <Filter>Source Files</Filter>
    </ClCompile>
    <ClCompile Include="CompileHelper.cpp">
      <Filter>Source Files</Filter>
    </ClCompile>
    <ClCompile Include="ForthArray.cpp">
      <Filter>Source Files</Filter>
    </ClCompile>
  </ItemGroup>
  <ItemGroup>
    <ClInclude Include="InputProcessor.h">
      <Filter>Header Files</Filter>
    </ClInclude>
    <ClInclude Include="ForthDict.h">
      <Filter>Header Files</Filter>
    </ClInclude>
    <ClInclude Include="ForthWord.h">
      <Filter>Header Files</Filter>
    </ClInclude>
    <ClInclude Include="DataStack.h">
      <Filter>Header Files</Filter>
    </ClInclude>
    <ClInclude Include="StackElement.h">
      <Filter>Header Files</Filter>
    </ClInclude>
    <ClInclude Include="ForthDefs.h">
      <Filter>Header Files</Filter>
    </ClInclude>
    <ClInclude Include="ExecState.h">
      <Filter>Header Files</Filter>
    </ClInclude>
    <ClInclude Include="enumPrinters.h">
      <Filter>Header Files</Filter>
    </ClInclude>
    <ClInclude Include="ReturnStack.h">
      <Filter>Header Files</Filter>
    </ClInclude>
    <ClInclude Include="RefCountedObject.h">
      <Filter>Header Files</Filter>
    </ClInclude>
    <ClInclude Include="ForthString.h">
      <Filter>Header Files</Filter>
    </ClInclude>
    <ClInclude Include="Vector3.h">
      <Filter>Header Files</Filter>
    </ClInclude>
    <ClInclude Include="TypeSystem.h">
      <Filter>Header Files</Filter>
    </ClInclude>
    <ClInclude Include="UserDefinedObject.h">
      <Filter>Header Files</Filter>
    </ClInclude>
    <ClInclude Include="PreBuiltWords.h">
      <Filter>Header Files</Filter>
    </ClInclude>
    <ClInclude Include="ForthFile.h">
      <Filter>Header Files</Filter>
    </ClInclude>
    <ClInclude Include="CompileHelper.h">
      <Filter>Header Files</Filter>
    </ClInclude>
    <ClInclude Include="ForthArray.h">
      <Filter>Header Files</Filter>
    </ClInclude>
  </ItemGroup>
</Project>